
Microsoft Visual Studio Solution File, Format Version 12.00
# Visual Studio 15
VisualStudioVersion = 15.0.27703.2035
MinimumVisualStudioVersion = 10.0.40219.1
Project("{FAE04EC0-301F-11D3-BF4B-00C04F79EFBC}") = "PowerScheduler", "PowerScheduler\PowerScheduler.csproj", "{CA30B46D-2689-495D-8D4B-B615A3A76C15}"
EndProject
Global
	GlobalSection(SolutionConfigurationPlatforms) = preSolution
		Debug|Any CPU = Debug|Any CPU
		Release|Any CPU = Release|Any CPU
	EndGlobalSection
	GlobalSection(ProjectConfigurationPlatforms) = postSolution
		{CA30B46D-2689-495D-8D4B-B615A3A76C15}.Debug|Any CPU.ActiveCfg = Debug|Any CPU
		{CA30B46D-2689-495D-8D4B-B615A3A76C15}.Debug|Any CPU.Build.0 = Debug|Any CPU
		{CA30B46D-2689-495D-8D4B-B615A3A76C15}.Release|Any CPU.ActiveCfg = Release|Any CPU
		{CA30B46D-2689-495D-8D4B-B615A3A76C15}.Release|Any CPU.Build.0 = Release|Any CPU
	EndGlobalSection
	GlobalSection(SolutionProperties) = preSolution
		HideSolutionNode = FALSE
	EndGlobalSection
	GlobalSection(ExtensibilityGlobals) = postSolution
		SolutionGuid = {0BC52915-28A7-4D09-8E2D-280DE063D2FA}
	EndGlobalSection
EndGlobal
